// !$*UTF8*$!
{
	archiveVersion = 1;
	classes = {
	};
	objectVersion = 56;
	objects = {

/* Begin PBXBuildFile section */
		6CEB99DB29D1580800910637 /* NavigationSwiftUIApp.swift in Sources */ = {isa = PBXBuildFile; fileRef = 6CEB99DA29D1580800910637 /* NavigationSwiftUIApp.swift */; };
		6CEB99DD29D1580800910637 /* ContentView.swift in Sources */ = {isa = PBXBuildFile; fileRef = 6CEB99DC29D1580800910637 /* ContentView.swift */; };
		6CEB99DF29D1580A00910637 /* Assets.xcassets in Resources */ = {isa = PBXBuildFile; fileRef = 6CEB99DE29D1580A00910637 /* Assets.xcassets */; };
		6CEB99E229D1580A00910637 /* Preview Assets.xcassets in Resources */ = {isa = PBXBuildFile; fileRef = 6CEB99E129D1580A00910637 /* Preview Assets.xcassets */; };
		6CEB99E929D1593E00910637 /* NavViewNavLink.swift in Sources */ = {isa = PBXBuildFile; fileRef = 6CEB99E829D1593E00910637 /* NavViewNavLink.swift */; };
		6CEB99EB29D1597600910637 /* NextView.swift in Sources */ = {isa = PBXBuildFile; fileRef = 6CEB99EA29D1597600910637 /* NextView.swift */; };
		6CEB99ED29D15A0400910637 /* VistaModal.swift in Sources */ = {isa = PBXBuildFile; fileRef = 6CEB99EC29D15A0400910637 /* VistaModal.swift */; };
		6CEB99EF29D15ABE00910637 /* PantallaCompleta.swift in Sources */ = {isa = PBXBuildFile; fileRef = 6CEB99EE29D15ABE00910637 /* PantallaCompleta.swift */; };
		6CEB99F129D161E900910637 /* Plantilla.swift in Sources */ = {isa = PBXBuildFile; fileRef = 6CEB99F029D161E900910637 /* Plantilla.swift */; };
		6CEB99F329D1625500910637 /* TabViewDemo.swift in Sources */ = {isa = PBXBuildFile; fileRef = 6CEB99F229D1625500910637 /* TabViewDemo.swift */; };
		6CEB99F529D1641900910637 /* NavigationBarButton.swift in Sources */ = {isa = PBXBuildFile; fileRef = 6CEB99F429D1641900910637 /* NavigationBarButton.swift */; };
		6CEB99F729D1652000910637 /* DetailView.swift in Sources */ = {isa = PBXBuildFile; fileRef = 6CEB99F629D1652000910637 /* DetailView.swift */; };
		6CEB99F929D166AE00910637 /* Programaticamente.swift in Sources */ = {isa = PBXBuildFile; fileRef = 6CEB99F829D166AE00910637 /* Programaticamente.swift */; };
/* End PBXBuildFile section */

/* Begin PBXFileReference section */
		6CEB99D729D1580800910637 /* NavigationSwiftUI.app */ = {isa = PBXFileReference; explicitFileType = wrapper.application; includeInIndex = 0; path = NavigationSwiftUI.app; sourceTree = BUILT_PRODUCTS_DIR; };
		6CEB99DA29D1580800910637 /* NavigationSwiftUIApp.swift */ = {isa = PBXFileReference; lastKnownFileType = sourcecode.swift; path = NavigationSwiftUIApp.swift; sourceTree = "<group>"; };
		6CEB99DC29D1580800910637 /* ContentView.swift */ = {isa = PBXFileReference; lastKnownFileType = sourcecode.swift; path = ContentView.swift; sourceTree = "<group>"; };
		6CEB99DE29D1580A00910637 /* Assets.xcassets */ = {isa = PBXFileReference; lastKnownFileType = folder.assetcatalog; path = Assets.xcassets; sourceTree = "<group>"; };
		6CEB99E129D1580A00910637 /* Preview Assets.xcassets */ = {isa = PBXFileReference; lastKnownFileType = folder.assetcatalog; path = "Preview Assets.xcassets"; sourceTree = "<group>"; };
		6CEB99E829D1593E00910637 /* NavViewNavLink.swift */ = {isa = PBXFileReference; lastKnownFileType = sourcecode.swift; path = NavViewNavLink.swift; sourceTree = "<group>"; };
		6CEB99EA29D1597600910637 /* NextView.swift */ = {isa = PBXFileReference; lastKnownFileType = sourcecode.swift; path = NextView.swift; sourceTree = "<group>"; };
		6CEB99EC29D15A0400910637 /* VistaModal.swift */ = {isa = PBXFileReference; lastKnownFileType = sourcecode.swift; path = VistaModal.swift; sourceTree = "<group>"; };
		6CEB99EE29D15ABE00910637 /* PantallaCompleta.swift */ = {isa = PBXFileReference; lastKnownFileType = sourcecode.swift; path = PantallaCompleta.swift; sourceTree = "<group>"; };
		6CEB99F029D161E900910637 /* Plantilla.swift */ = {isa = PBXFileReference; lastKnownFileType = sourcecode.swift; path = Plantilla.swift; sourceTree = "<group>"; };
		6CEB99F229D1625500910637 /* TabViewDemo.swift */ = {isa = PBXFileReference; lastKnownFileType = sourcecode.swift; path = TabViewDemo.swift; sourceTree = "<group>"; };
		6CEB99F429D1641900910637 /* NavigationBarButton.swift */ = {isa = PBXFileReference; lastKnownFileType = sourcecode.swift; path = NavigationBarButton.swift; sourceTree = "<group>"; };
		6CEB99F629D1652000910637 /* DetailView.swift */ = {isa = PBXFileReference; lastKnownFileType = sourcecode.swift; path = DetailView.swift; sourceTree = "<group>"; };
		6CEB99F829D166AE00910637 /* Programaticamente.swift */ = {isa = PBXFileReference; lastKnownFileType = sourcecode.swift; path = Programaticamente.swift; sourceTree = "<group>"; };
/* End PBXFileReference section */

/* Begin PBXFrameworksBuildPhase section */
		6CEB99D429D1580800910637 /* Frameworks */ = {
			isa = PBXFrameworksBuildPhase;
			buildActionMask = 2147483647;
			files = (
			);
			runOnlyForDeploymentPostprocessing = 0;
		};
/* End PBXFrameworksBuildPhase section */

/* Begin PBXGroup section */
		6CEB99CE29D1580800910637 = {
			isa = PBXGroup;
			children = (
				6CEB99D929D1580800910637 /* NavigationSwiftUI */,
				6CEB99D829D1580800910637 /* Products */,
			);
			sourceTree = "<group>";
		};
		6CEB99D829D1580800910637 /* Products */ = {
			isa = PBXGroup;
			children = (
				6CEB99D729D1580800910637 /* NavigationSwiftUI.app */,
			);
			name = Products;
			sourceTree = "<group>";
		};
		6CEB99D929D1580800910637 /* NavigationSwiftUI */ = {
			isa = PBXGroup;
			children = (
				6CEB99DA29D1580800910637 /* NavigationSwiftUIApp.swift */,
				6CEB99DC29D1580800910637 /* ContentView.swift */,
				6CEB99DE29D1580A00910637 /* Assets.xcassets */,
				6CEB99E029D1580A00910637 /* Preview Content */,
				6CEB99E829D1593E00910637 /* NavViewNavLink.swift */,
				6CEB99EA29D1597600910637 /* NextView.swift */,
				6CEB99EC29D15A0400910637 /* VistaModal.swift */,
				6CEB99EE29D15ABE00910637 /* PantallaCompleta.swift */,
				6CEB99F029D161E900910637 /* Plantilla.swift */,
				6CEB99F229D1625500910637 /* TabViewDemo.swift */,
				6CEB99F429D1641900910637 /* NavigationBarButton.swift */,
				6CEB99F629D1652000910637 /* DetailView.swift */,
				6CEB99F829D166AE00910637 /* Programaticamente.swift */,
			);
			path = NavigationSwiftUI;
			sourceTree = "<group>";
		};
		6CEB99E029D1580A00910637 /* Preview Content */ = {
			isa = PBXGroup;
			children = (
				6CEB99E129D1580A00910637 /* Preview Assets.xcassets */,
			);
			path = "Preview Content";
			sourceTree = "<group>";
		};
/* End PBXGroup section */

/* Begin PBXNativeTarget section */
		6CEB99D629D1580800910637 /* NavigationSwiftUI */ = {
			isa = PBXNativeTarget;
			buildConfigurationList = 6CEB99E529D1580A00910637 /* Build configuration list for PBXNativeTarget "NavigationSwiftUI" */;
			buildPhases = (
				6CEB99D329D1580800910637 /* Sources */,
				6CEB99D429D1580800910637 /* Frameworks */,
				6CEB99D529D1580800910637 /* Resources */,
			);
			buildRules = (
			);
			dependencies = (
			);
			name = NavigationSwiftUI;
			productName = NavigationSwiftUI;
			productReference = 6CEB99D729D1580800910637 /* NavigationSwiftUI.app */;
			productType = "com.apple.product-type.application";
		};
/* End PBXNativeTarget section */

/* Begin PBXProject section */
		6CEB99CF29D1580800910637 /* Project object */ = {
			isa = PBXProject;
			attributes = {
				BuildIndependentTargetsInParallel = 1;
				LastSwiftUpdateCheck = 1420;
				LastUpgradeCheck = 1420;
				TargetAttributes = {
					6CEB99D629D1580800910637 = {
						CreatedOnToolsVersion = 14.2;
					};
				};
			};
			buildConfigurationList = 6CEB99D229D1580800910637 /* Build configuration list for PBXProject "NavigationSwiftUI" */;
			compatibilityVersion = "Xcode 14.0";
			developmentRegion = en;
			hasScannedForEncodings = 0;
			knownRegions = (
				en,
				Base,
			);
			mainGroup = 6CEB99CE29D1580800910637;
			productRefGroup = 6CEB99D829D1580800910637 /* Products */;
			projectDirPath = "";
			projectRoot = "";
			targets = (
				6CEB99D629D1580800910637 /* NavigationSwiftUI */,
			);
		};
/* End PBXProject section */

/* Begin PBXResourcesBuildPhase section */
		6CEB99D529D1580800910637 /* Resources */ = {
			isa = PBXResourcesBuildPhase;
			buildActionMask = 2147483647;
			files = (
				6CEB99E229D1580A00910637 /* Preview Assets.xcassets in Resources */,
				6CEB99DF29D1580A00910637 /* Assets.xcassets in Resources */,
			);
			runOnlyForDeploymentPostprocessing = 0;
		};
/* End PBXResourcesBuildPhase section */

/* Begin PBXSourcesBuildPhase section */
		6CEB99D329D1580800910637 /* Sources */ = {
			isa = PBXSourcesBuildPhase;
			buildActionMask = 2147483647;
			files = (
				6CEB99DD29D1580800910637 /* ContentView.swift in Sources */,
				6CEB99EF29D15ABE00910637 /* PantallaCompleta.swift in Sources */,
				6CEB99F329D1625500910637 /* TabViewDemo.swift in Sources */,
				6CEB99F729D1652000910637 /* DetailView.swift in Sources */,
				6CEB99F129D161E900910637 /* Plantilla.swift in Sources */,
				6CEB99F929D166AE00910637 /* Programaticamente.swift in Sources */,
				6CEB99E929D1593E00910637 /* NavViewNavLink.swift in Sources */,
				6CEB99ED29D15A0400910637 /* VistaModal.swift in Sources */,
				6CEB99DB29D1580800910637 /* NavigationSwiftUIApp.swift in Sources */,
				6CEB99F529D1641900910637 /* NavigationBarButton.swift in Sources */,
				6CEB99EB29D1597600910637 /* NextView.swift in Sources */,
			);
			runOnlyForDeploymentPostprocessing = 0;
		};
/* End PBXSourcesBuildPhase section */

/* Begin XCBuildConfiguration section */
		6CEB99E329D1580A00910637 /* Debug */ = {
			isa = XCBuildConfiguration;
			buildSettings = {
				ALWAYS_SEARCH_USER_PATHS = NO;
				CLANG_ANALYZER_NONNULL = YES;
				CLANG_ANALYZER_NUMBER_OBJECT_CONVERSION = YES_AGGRESSIVE;
				CLANG_CXX_LANGUAGE_STANDARD = "gnu++20";
				CLANG_ENABLE_MODULES = YES;
				CLANG_ENABLE_OBJC_ARC = YES;
				CLANG_ENABLE_OBJC_WEAK = YES;
				CLANG_WARN_BLOCK_CAPTURE_AUTORELEASING = YES;
				CLANG_WARN_BOOL_CONVERSION = YES;
				CLANG_WARN_COMMA = YES;
				CLANG_WARN_CONSTANT_CONVERSION = YES;
				CLANG_WARN_DEPRECATED_OBJC_IMPLEMENTATIONS = YES;
				CLANG_WARN_DIRECT_OBJC_ISA_USAGE = YES_ERROR;
				CLANG_WARN_DOCUMENTATION_COMMENTS = YES;
				CLANG_WARN_EMPTY_BODY = YES;
				CLANG_WARN_ENUM_CONVERSION = YES;
				CLANG_WARN_INFINITE_RECURSION = YES;
				CLANG_WARN_INT_CONVERSION = YES;
				CLANG_WARN_NON_LITERAL_NULL_CONVERSION = YES;
				CLANG_WARN_OBJC_IMPLICIT_RETAIN_SELF = YES;
				CLANG_WARN_OBJC_LITERAL_CONVERSION = YES;
				CLANG_WARN_OBJC_ROOT_CLASS = YES_ERROR;
				CLANG_WARN_QUOTED_INCLUDE_IN_FRAMEWORK_HEADER = YES;
				CLANG_WARN_RANGE_LOOP_ANALYSIS = YES;
				CLANG_WARN_STRICT_PROTOTYPES = YES;
				CLANG_WARN_SUSPICIOUS_MOVE = YES;
				CLANG_WARN_UNGUARDED_AVAILABILITY = YES_AGGRESSIVE;
				CLANG_WARN_UNREACHABLE_CODE = YES;
				CLANG_WARN__DUPLICATE_METHOD_MATCH = YES;
				COPY_PHASE_STRIP = NO;
				DEBUG_INFORMATION_FORMAT = dwarf;
				ENABLE_STRICT_OBJC_MSGSEND = YES;
				ENABLE_TESTABILITY = YES;
				GCC_C_LANGUAGE_STANDARD = gnu11;
				GCC_DYNAMIC_NO_PIC = NO;
				GCC_NO_COMMON_BLOCKS = YES;
				GCC_OPTIMIZATION_LEVEL = 0;
				GCC_PREPROCESSOR_DEFINITIONS = (
					"DEBUG=1",
					"$(inherited)",
				);
				GCC_WARN_64_TO_32_BIT_CONVERSION = YES;
				GCC_WARN_ABOUT_RETURN_TYPE = YES_ERROR;
				GCC_WARN_UNDECLARED_SELECTOR = YES;
				GCC_WARN_UNINITIALIZED_AUTOS = YES_AGGRESSIVE;
				GCC_WARN_UNUSED_FUNCTION = YES;
				GCC_WARN_UNUSED_VARIABLE = YES;
				IPHONEOS_DEPLOYMENT_TARGET = 16.2;
				MTL_ENABLE_DEBUG_INFO = INCLUDE_SOURCE;
				MTL_FAST_MATH = YES;
				ONLY_ACTIVE_ARCH = YES;
				SDKROOT = iphoneos;
				SWIFT_ACTIVE_COMPILATION_CONDITIONS = DEBUG;
				SWIFT_OPTIMIZATION_LEVEL = "-Onone";
			};
			name = Debug;
		};
		6CEB99E429D1580A00910637 /* Release */ = {
			isa = XCBuildConfiguration;
			buildSettings = {
				ALWAYS_SEARCH_USER_PATHS = NO;
				CLANG_ANALYZER_NONNULL = YES;
				CLANG_ANALYZER_NUMBER_OBJECT_CONVERSION = YES_AGGRESSIVE;
				CLANG_CXX_LANGUAGE_STANDARD = "gnu++20";
				CLANG_ENABLE_MODULES = YES;
				CLANG_ENABLE_OBJC_ARC = YES;
				CLANG_ENABLE_OBJC_WEAK = YES;
				CLANG_WARN_BLOCK_CAPTURE_AUTORELEASING = YES;
				CLANG_WARN_BOOL_CONVERSION = YES;
				CLANG_WARN_COMMA = YES;
				CLANG_WARN_CONSTANT_CONVERSION = YES;
				CLANG_WARN_DEPRECATED_OBJC_IMPLEMENTATIONS = YES;
				CLANG_WARN_DIRECT_OBJC_ISA_USAGE = YES_ERROR;
				CLANG_WARN_DOCUMENTATION_COMMENTS = YES;
				CLANG_WARN_EMPTY_BODY = YES;
				CLANG_WARN_ENUM_CONVERSION = YES;
				CLANG_WARN_INFINITE_RECURSION = YES;
				CLANG_WARN_INT_CONVERSION = YES;
				CLANG_WARN_NON_LITERAL_NULL_CONVERSION = YES;
				CLANG_WARN_OBJC_IMPLICIT_RETAIN_SELF = YES;
				CLANG_WARN_OBJC_LITERAL_CONVERSION = YES;
				CLANG_WARN_OBJC_ROOT_CLASS = YES_ERROR;
				CLANG_WARN_QUOTED_INCLUDE_IN_FRAMEWORK_HEADER = YES;
				CLANG_WARN_RANGE_LOOP_ANALYSIS = YES;
				CLANG_WARN_STRICT_PROTOTYPES = YES;
				CLANG_WARN_SUSPICIOUS_MOVE = YES;
				CLANG_WARN_UNGUARDED_AVAILABILITY = YES_AGGRESSIVE;
				CLANG_WARN_UNREACHABLE_CODE = YES;
				CLANG_WARN__DUPLICATE_METHOD_MATCH = YES;
				COPY_PHASE_STRIP = NO;
				DEBUG_INFORMATION_FORMAT = "dwarf-with-dsym";
				ENABLE_NS_ASSERTIONS = NO;
				ENABLE_STRICT_OBJC_MSGSEND = YES;
				GCC_C_LANGUAGE_STANDARD = gnu11;
				GCC_NO_COMMON_BLOCKS = YES;
				GCC_WARN_64_TO_32_BIT_CONVERSION = YES;
				GCC_WARN_ABOUT_RETURN_TYPE = YES_ERROR;
				GCC_WARN_UNDECLARED_SELECTOR = YES;
				GCC_WARN_UNINITIALIZED_AUTOS = YES_AGGRESSIVE;
				GCC_WARN_UNUSED_FUNCTION = YES;
				GCC_WARN_UNUSED_VARIABLE = YES;
				IPHONEOS_DEPLOYMENT_TARGET = 16.2;
				MTL_ENABLE_DEBUG_INFO = NO;
				MTL_FAST_MATH = YES;
				SDKROOT = iphoneos;
				SWIFT_COMPILATION_MODE = wholemodule;
				SWIFT_OPTIMIZATION_LEVEL = "-O";
				VALIDATE_PRODUCT = YES;
			};
			name = Release;
		};
		6CEB99E629D1580A00910637 /* Debug */ = {
			isa = XCBuildConfiguration;
			buildSettings = {
				ASSETCATALOG_COMPILER_APPICON_NAME = AppIcon;
				ASSETCATALOG_COMPILER_GLOBAL_ACCENT_COLOR_NAME = AccentColor;
				CODE_SIGN_STYLE = Automatic;
				CURRENT_PROJECT_VERSION = 1;
				DEVELOPMENT_ASSET_PATHS = "\"NavigationSwiftUI/Preview Content\"";
				DEVELOPMENT_TEAM = 28Z45T22J2;
				ENABLE_PREVIEWS = YES;
				GENERATE_INFOPLIST_FILE = YES;
				INFOPLIST_KEY_UIApplicationSceneManifest_Generation = YES;
				INFOPLIST_KEY_UIApplicationSupportsIndirectInputEvents = YES;
				INFOPLIST_KEY_UILaunchScreen_Generation = YES;
				INFOPLIST_KEY_UISupportedInterfaceOrientations_iPad = "UIInterfaceOrientationPortrait UIInterfaceOrientationPortraitUpsideDown UIInterfaceOrientationLandscapeLeft UIInterfaceOrientationLandscapeRight";
				INFOPLIST_KEY_UISupportedInterfaceOrientations_iPhone = "UIInterfaceOrientationPortrait UIInterfaceOrientationLandscapeLeft UIInterfaceOrientationLandscapeRight";
				LD_RUNPATH_SEARCH_PATHS = (
					"$(inherited)",
					"@executable_path/Frameworks",
				);
				MARKETING_VERSION = 1.0;
				PRODUCT_BUNDLE_IDENTIFIER = com.rotadevsolutions.NavigationSwiftUI;
				PRODUCT_NAME = "$(TARGET_NAME)";
				SWIFT_EMIT_LOC_STRINGS = YES;
				SWIFT_VERSION = 5.0;
				TARGETED_DEVICE_FAMILY = "1,2";
			};
			name = Debug;
		};
		6CEB99E729D1580A00910637 /* Release */ = {
			isa = XCBuildConfiguration;
			buildSettings = {
				ASSETCATALOG_COMPILER_APPICON_NAME = AppIcon;
				ASSETCATALOG_COMPILER_GLOBAL_ACCENT_COLOR_NAME = AccentColor;
				CODE_SIGN_STYLE = Automatic;
				CURRENT_PROJECT_VERSION = 1;
				DEVELOPMENT_ASSET_PATHS = "\"NavigationSwiftUI/Preview Content\"";
				DEVELOPMENT_TEAM = 28Z45T22J2;
				ENABLE_PREVIEWS = YES;
				GENERATE_INFOPLIST_FILE = YES;
				INFOPLIST_KEY_UIApplicationSceneManifest_Generation = YES;
				INFOPLIST_KEY_UIApplicationSupportsIndirectInputEvents = YES;
				INFOPLIST_KEY_UILaunchScreen_Generation = YES;
				INFOPLIST_KEY_UISupportedInterfaceOrientations_iPad = "UIInterfaceOrientationPortrait UIInterfaceOrientationPortraitUpsideDown UIInterfaceOrientationLandscapeLeft UIInterfaceOrientationLandscapeRight";
				INFOPLIST_KEY_UISupportedInterfaceOrientations_iPhone = "UIInterfaceOrientationPortrait UIInterfaceOrientationLandscapeLeft UIInterfaceOrientationLandscapeRight";
				LD_RUNPATH_SEARCH_PATHS = (
					"$(inherited)",
					"@executable_path/Frameworks",
				);
				MARKETING_VERSION = 1.0;
				PRODUCT_BUNDLE_IDENTIFIER = com.rotadevsolutions.NavigationSwiftUI;
				PRODUCT_NAME = "$(TARGET_NAME)";
				SWIFT_EMIT_LOC_STRINGS = YES;
				SWIFT_VERSION = 5.0;
				TARGETED_DEVICE_FAMILY = "1,2";
			};
			name = Release;
		};
/* End XCBuildConfiguration section */

/* Begin XCConfigurationList section */
		6CEB99D229D1580800910637 /* Build configuration list for PBXProject "NavigationSwiftUI" */ = {
			isa = XCConfigurationList;
			buildConfigurations = (
				6CEB99E329D1580A00910637 /* Debug */,
				6CEB99E429D1580A00910637 /* Release */,
			);
			defaultConfigurationIsVisible = 0;
			defaultConfigurationName = Release;
		};
		6CEB99E529D1580A00910637 /* Build configuration list for PBXNativeTarget "NavigationSwiftUI" */ = {
			isa = XCConfigurationList;
			buildConfigurations = (
				6CEB99E629D1580A00910637 /* Debug */,
				6CEB99E729D1580A00910637 /* Release */,
			);
			defaultConfigurationIsVisible = 0;
			defaultConfigurationName = Release;
		};
/* End XCConfigurationList section */
	};
	rootObject = 6CEB99CF29D1580800910637 /* Project object */;
}
